
Microsoft Visual Studio Solution File, Format Version 12.00
# Visual Studio 15
Project("{FAE04EC0-301F-11D3-BF4B-00C04F79EFBC}") = "week10QuickCode", "week10QuickCode\week10QuickCode.csproj", "{342AB5DF-9B88-4791-88A4-C79B2CF1A585}"
EndProject
Global
	GlobalSection(SolutionConfigurationPlatforms) = preSolution
		Debug|anycpu = Debug|anycpu
		Release|anycpu = Release|anycpu
	EndGlobalSection
	GlobalSection(ProjectConfigurationPlatforms) = postSolution
		{342AB5DF-9B88-4791-88A4-C79B2CF1A585}.Debug|anycpu.ActiveCfg = Debug|anycpu
		{342AB5DF-9B88-4791-88A4-C79B2CF1A585}.Debug|anycpu.Build.0 = Debug|anycpu
		{342AB5DF-9B88-4791-88A4-C79B2CF1A585}.Release|anycpu.ActiveCfg = Release|anycpu
		{342AB5DF-9B88-4791-88A4-C79B2CF1A585}.Release|anycpu.Build.0 = Release|anycpu
	EndGlobalSection
EndGlobal
